// !$*UTF8*$!
{
	archiveVersion = 1;
	classes = {
	};
	objectVersion = 56;
	objects = {

/* Begin PBXBuildFile section */
		159FEA3B2A177DFA006C9EE8 /* AppDelegate.swift in Sources */ = {isa = PBXBuildFile; fileRef = 159FEA3A2A177DFA006C9EE8 /* AppDelegate.swift */; };
		159FEA3D2A177DFA006C9EE8 /* GameScene.sks in Resources */ = {isa = PBXBuildFile; fileRef = 159FEA3C2A177DFA006C9EE8 /* GameScene.sks */; };
		159FEA3F2A177DFA006C9EE8 /* Actions.sks in Resources */ = {isa = PBXBuildFile; fileRef = 159FEA3E2A177DFA006C9EE8 /* Actions.sks */; };
		159FEA412A177DFA006C9EE8 /* GameScene.swift in Sources */ = {isa = PBXBuildFile; fileRef = 159FEA402A177DFA006C9EE8 /* GameScene.swift */; };
		159FEA432A177DFA006C9EE8 /* GameViewController.swift in Sources */ = {isa = PBXBuildFile; fileRef = 159FEA422A177DFA006C9EE8 /* GameViewController.swift */; };
		159FEA462A177DFA006C9EE8 /* Main.storyboard in Resources */ = {isa = PBXBuildFile; fileRef = 159FEA442A177DFA006C9EE8 /* Main.storyboard */; };
		159FEA482A177DFB006C9EE8 /* Assets.xcassets in Resources */ = {isa = PBXBuildFile; fileRef = 159FEA472A177DFB006C9EE8 /* Assets.xcassets */; };
		159FEA4B2A177DFB006C9EE8 /* LaunchScreen.storyboard in Resources */ = {isa = PBXBuildFile; fileRef = 159FEA492A177DFB006C9EE8 /* LaunchScreen.storyboard */; };
		159FEA552A177DFB006C9EE8 /* Tepok_NyamokTests.swift in Sources */ = {isa = PBXBuildFile; fileRef = 159FEA542A177DFB006C9EE8 /* Tepok_NyamokTests.swift */; };
		159FEA5F2A177DFB006C9EE8 /* Tepok_NyamokUITests.swift in Sources */ = {isa = PBXBuildFile; fileRef = 159FEA5E2A177DFB006C9EE8 /* Tepok_NyamokUITests.swift */; };
		159FEA612A177DFB006C9EE8 /* Tepok_NyamokUITestsLaunchTests.swift in Sources */ = {isa = PBXBuildFile; fileRef = 159FEA602A177DFB006C9EE8 /* Tepok_NyamokUITestsLaunchTests.swift */; };
		159FEA6F2A177E9B006C9EE8 /* WelcomeViewController.swift in Sources */ = {isa = PBXBuildFile; fileRef = 159FEA6E2A177E9B006C9EE8 /* WelcomeViewController.swift */; };
		159FEA712A177EAC006C9EE8 /* WelcomeScene.swift in Sources */ = {isa = PBXBuildFile; fileRef = 159FEA702A177EAC006C9EE8 /* WelcomeScene.swift */; };
		159FEA732A177EBD006C9EE8 /* WelcomeScene.sks in Resources */ = {isa = PBXBuildFile; fileRef = 159FEA722A177EBD006C9EE8 /* WelcomeScene.sks */; };
		159FEA752A1A3538006C9EE8 /* PlayersScene.swift in Sources */ = {isa = PBXBuildFile; fileRef = 159FEA742A1A3538006C9EE8 /* PlayersScene.swift */; };
/* End PBXBuildFile section */

/* Begin PBXContainerItemProxy section */
		159FEA512A177DFB006C9EE8 /* PBXContainerItemProxy */ = {
			isa = PBXContainerItemProxy;
			containerPortal = 159FEA2F2A177DFA006C9EE8 /* Project object */;
			proxyType = 1;
			remoteGlobalIDString = 159FEA362A177DFA006C9EE8;
			remoteInfo = "Tepok Nyamok";
		};
		159FEA5B2A177DFB006C9EE8 /* PBXContainerItemProxy */ = {
			isa = PBXContainerItemProxy;
			containerPortal = 159FEA2F2A177DFA006C9EE8 /* Project object */;
			proxyType = 1;
			remoteGlobalIDString = 159FEA362A177DFA006C9EE8;
			remoteInfo = "Tepok Nyamok";
		};
/* End PBXContainerItemProxy section */

/* Begin PBXFileReference section */
		159FEA372A177DFA006C9EE8 /* Tepok Nyamok.app */ = {isa = PBXFileReference; explicitFileType = wrapper.application; includeInIndex = 0; path = "Tepok Nyamok.app"; sourceTree = BUILT_PRODUCTS_DIR; };
		159FEA3A2A177DFA006C9EE8 /* AppDelegate.swift */ = {isa = PBXFileReference; lastKnownFileType = sourcecode.swift; path = AppDelegate.swift; sourceTree = "<group>"; };
		159FEA3C2A177DFA006C9EE8 /* GameScene.sks */ = {isa = PBXFileReference; lastKnownFileType = file.sks; path = GameScene.sks; sourceTree = "<group>"; };
		159FEA3E2A177DFA006C9EE8 /* Actions.sks */ = {isa = PBXFileReference; lastKnownFileType = file.sks; path = Actions.sks; sourceTree = "<group>"; };
		159FEA402A177DFA006C9EE8 /* GameScene.swift */ = {isa = PBXFileReference; lastKnownFileType = sourcecode.swift; path = GameScene.swift; sourceTree = "<group>"; };
		159FEA422A177DFA006C9EE8 /* GameViewController.swift */ = {isa = PBXFileReference; lastKnownFileType = sourcecode.swift; path = GameViewController.swift; sourceTree = "<group>"; };
		159FEA452A177DFA006C9EE8 /* Base */ = {isa = PBXFileReference; lastKnownFileType = file.storyboard; name = Base; path = Base.lproj/Main.storyboard; sourceTree = "<group>"; };
		159FEA472A177DFB006C9EE8 /* Assets.xcassets */ = {isa = PBXFileReference; lastKnownFileType = folder.assetcatalog; path = Assets.xcassets; sourceTree = "<group>"; };
		159FEA4A2A177DFB006C9EE8 /* Base */ = {isa = PBXFileReference; lastKnownFileType = file.storyboard; name = Base; path = Base.lproj/LaunchScreen.storyboard; sourceTree = "<group>"; };
		159FEA502A177DFB006C9EE8 /* Tepok NyamokTests.xctest */ = {isa = PBXFileReference; explicitFileType = wrapper.cfbundle; includeInIndex = 0; path = "Tepok NyamokTests.xctest"; sourceTree = BUILT_PRODUCTS_DIR; };
		159FEA542A177DFB006C9EE8 /* Tepok_NyamokTests.swift */ = {isa = PBXFileReference; lastKnownFileType = sourcecode.swift; path = Tepok_NyamokTests.swift; sourceTree = "<group>"; };
		159FEA5A2A177DFB006C9EE8 /* Tepok NyamokUITests.xctest */ = {isa = PBXFileReference; explicitFileType = wrapper.cfbundle; includeInIndex = 0; path = "Tepok NyamokUITests.xctest"; sourceTree = BUILT_PRODUCTS_DIR; };
		159FEA5E2A177DFB006C9EE8 /* Tepok_NyamokUITests.swift */ = {isa = PBXFileReference; lastKnownFileType = sourcecode.swift; path = Tepok_NyamokUITests.swift; sourceTree = "<group>"; };
		159FEA602A177DFB006C9EE8 /* Tepok_NyamokUITestsLaunchTests.swift */ = {isa = PBXFileReference; lastKnownFileType = sourcecode.swift; path = Tepok_NyamokUITestsLaunchTests.swift; sourceTree = "<group>"; };
		159FEA6E2A177E9B006C9EE8 /* WelcomeViewController.swift */ = {isa = PBXFileReference; lastKnownFileType = sourcecode.swift; path = WelcomeViewController.swift; sourceTree = "<group>"; };
		159FEA702A177EAC006C9EE8 /* WelcomeScene.swift */ = {isa = PBXFileReference; lastKnownFileType = sourcecode.swift; path = WelcomeScene.swift; sourceTree = "<group>"; };
		159FEA722A177EBD006C9EE8 /* WelcomeScene.sks */ = {isa = PBXFileReference; lastKnownFileType = file.sks; path = WelcomeScene.sks; sourceTree = "<group>"; };
		159FEA742A1A3538006C9EE8 /* PlayersScene.swift */ = {isa = PBXFileReference; lastKnownFileType = sourcecode.swift; path = PlayersScene.swift; sourceTree = "<group>"; };
/* End PBXFileReference section */

/* Begin PBXFrameworksBuildPhase section */
		159FEA342A177DFA006C9EE8 /* Frameworks */ = {
			isa = PBXFrameworksBuildPhase;
			buildActionMask = 2147483647;
			files = (
			);
			runOnlyForDeploymentPostprocessing = 0;
		};
		159FEA4D2A177DFB006C9EE8 /* Frameworks */ = {
			isa = PBXFrameworksBuildPhase;
			buildActionMask = 2147483647;
			files = (
			);
			runOnlyForDeploymentPostprocessing = 0;
		};
		159FEA572A177DFB006C9EE8 /* Frameworks */ = {
			isa = PBXFrameworksBuildPhase;
			buildActionMask = 2147483647;
			files = (
			);
			runOnlyForDeploymentPostprocessing = 0;
		};
/* End PBXFrameworksBuildPhase section */

/* Begin PBXGroup section */
		159FEA2E2A177DFA006C9EE8 = {
			isa = PBXGroup;
			children = (
				159FEA392A177DFA006C9EE8 /* Tepok Nyamok */,
				159FEA532A177DFB006C9EE8 /* Tepok NyamokTests */,
				159FEA5D2A177DFB006C9EE8 /* Tepok NyamokUITests */,
				159FEA382A177DFA006C9EE8 /* Products */,
			);
			sourceTree = "<group>";
		};
		159FEA382A177DFA006C9EE8 /* Products */ = {
			isa = PBXGroup;
			children = (
				159FEA372A177DFA006C9EE8 /* Tepok Nyamok.app */,
				159FEA502A177DFB006C9EE8 /* Tepok NyamokTests.xctest */,
				159FEA5A2A177DFB006C9EE8 /* Tepok NyamokUITests.xctest */,
			);
			name = Products;
			sourceTree = "<group>";
		};
		159FEA392A177DFA006C9EE8 /* Tepok Nyamok */ = {
			isa = PBXGroup;
			children = (
				159FEA6D2A177E90006C9EE8 /* Welcome */,
				159FEA3A2A177DFA006C9EE8 /* AppDelegate.swift */,
				159FEA3C2A177DFA006C9EE8 /* GameScene.sks */,
				159FEA3E2A177DFA006C9EE8 /* Actions.sks */,
				159FEA402A177DFA006C9EE8 /* GameScene.swift */,
				159FEA422A177DFA006C9EE8 /* GameViewController.swift */,
				159FEA442A177DFA006C9EE8 /* Main.storyboard */,
				159FEA472A177DFB006C9EE8 /* Assets.xcassets */,
				159FEA492A177DFB006C9EE8 /* LaunchScreen.storyboard */,
			);
			path = "Tepok Nyamok";
			sourceTree = "<group>";
		};
		159FEA532A177DFB006C9EE8 /* Tepok NyamokTests */ = {
			isa = PBXGroup;
			children = (
				159FEA542A177DFB006C9EE8 /* Tepok_NyamokTests.swift */,
			);
			path = "Tepok NyamokTests";
			sourceTree = "<group>";
		};
		159FEA5D2A177DFB006C9EE8 /* Tepok NyamokUITests */ = {
			isa = PBXGroup;
			children = (
				159FEA5E2A177DFB006C9EE8 /* Tepok_NyamokUITests.swift */,
				159FEA602A177DFB006C9EE8 /* Tepok_NyamokUITestsLaunchTests.swift */,
			);
			path = "Tepok NyamokUITests";
			sourceTree = "<group>";
		};
		159FEA6D2A177E90006C9EE8 /* Welcome */ = {
			isa = PBXGroup;
			children = (
				159FEA6E2A177E9B006C9EE8 /* WelcomeViewController.swift */,
				159FEA702A177EAC006C9EE8 /* WelcomeScene.swift */,
				159FEA722A177EBD006C9EE8 /* WelcomeScene.sks */,
				159FEA742A1A3538006C9EE8 /* PlayersScene.swift */,
			);
			path = Welcome;
			sourceTree = "<group>";
		};
/* End PBXGroup section */

/* Begin PBXNativeTarget section */
		159FEA362A177DFA006C9EE8 /* Tepok Nyamok */ = {
			isa = PBXNativeTarget;
			buildConfigurationList = 159FEA642A177DFB006C9EE8 /* Build configuration list for PBXNativeTarget "Tepok Nyamok" */;
			buildPhases = (
				159FEA332A177DFA006C9EE8 /* Sources */,
				159FEA342A177DFA006C9EE8 /* Frameworks */,
				159FEA352A177DFA006C9EE8 /* Resources */,
			);
			buildRules = (
			);
			dependencies = (
			);
			name = "Tepok Nyamok";
			productName = "Tepok Nyamok";
			productReference = 159FEA372A177DFA006C9EE8 /* Tepok Nyamok.app */;
			productType = "com.apple.product-type.application";
		};
		159FEA4F2A177DFB006C9EE8 /* Tepok NyamokTests */ = {
			isa = PBXNativeTarget;
			buildConfigurationList = 159FEA672A177DFB006C9EE8 /* Build configuration list for PBXNativeTarget "Tepok NyamokTests" */;
			buildPhases = (
				159FEA4C2A177DFB006C9EE8 /* Sources */,
				159FEA4D2A177DFB006C9EE8 /* Frameworks */,
				159FEA4E2A177DFB006C9EE8 /* Resources */,
			);
			buildRules = (
			);
			dependencies = (
				159FEA522A177DFB006C9EE8 /* PBXTargetDependency */,
			);
			name = "Tepok NyamokTests";
			productName = "Tepok NyamokTests";
			productReference = 159FEA502A177DFB006C9EE8 /* Tepok NyamokTests.xctest */;
			productType = "com.apple.product-type.bundle.unit-test";
		};
		159FEA592A177DFB006C9EE8 /* Tepok NyamokUITests */ = {
			isa = PBXNativeTarget;
			buildConfigurationList = 159FEA6A2A177DFB006C9EE8 /* Build configuration list for PBXNativeTarget "Tepok NyamokUITests" */;
			buildPhases = (
				159FEA562A177DFB006C9EE8 /* Sources */,
				159FEA572A177DFB006C9EE8 /* Frameworks */,
				159FEA582A177DFB006C9EE8 /* Resources */,
			);
			buildRules = (
			);
			dependencies = (
				159FEA5C2A177DFB006C9EE8 /* PBXTargetDependency */,
			);
			name = "Tepok NyamokUITests";
			productName = "Tepok NyamokUITests";
			productReference = 159FEA5A2A177DFB006C9EE8 /* Tepok NyamokUITests.xctest */;
			productType = "com.apple.product-type.bundle.ui-testing";
		};
/* End PBXNativeTarget section */

/* Begin PBXProject section */
		159FEA2F2A177DFA006C9EE8 /* Project object */ = {
			isa = PBXProject;
			attributes = {
				BuildIndependentTargetsInParallel = 1;
				LastSwiftUpdateCheck = 1430;
				LastUpgradeCheck = 1430;
				TargetAttributes = {
					159FEA362A177DFA006C9EE8 = {
						CreatedOnToolsVersion = 14.3;
					};
					159FEA4F2A177DFB006C9EE8 = {
						CreatedOnToolsVersion = 14.3;
						TestTargetID = 159FEA362A177DFA006C9EE8;
					};
					159FEA592A177DFB006C9EE8 = {
						CreatedOnToolsVersion = 14.3;
						TestTargetID = 159FEA362A177DFA006C9EE8;
					};
				};
			};
			buildConfigurationList = 159FEA322A177DFA006C9EE8 /* Build configuration list for PBXProject "Tepok Nyamok" */;
			compatibilityVersion = "Xcode 14.0";
			developmentRegion = en;
			hasScannedForEncodings = 0;
			knownRegions = (
				en,
				Base,
			);
			mainGroup = 159FEA2E2A177DFA006C9EE8;
			productRefGroup = 159FEA382A177DFA006C9EE8 /* Products */;
			projectDirPath = "";
			projectRoot = "";
			targets = (
				159FEA362A177DFA006C9EE8 /* Tepok Nyamok */,
				159FEA4F2A177DFB006C9EE8 /* Tepok NyamokTests */,
				159FEA592A177DFB006C9EE8 /* Tepok NyamokUITests */,
			);
		};
/* End PBXProject section */

/* Begin PBXResourcesBuildPhase section */
		159FEA352A177DFA006C9EE8 /* Resources */ = {
			isa = PBXResourcesBuildPhase;
			buildActionMask = 2147483647;
			files = (
				159FEA462A177DFA006C9EE8 /* Main.storyboard in Resources */,
				159FEA3D2A177DFA006C9EE8 /* GameScene.sks in Resources */,
				159FEA482A177DFB006C9EE8 /* Assets.xcassets in Resources */,
				159FEA732A177EBD006C9EE8 /* WelcomeScene.sks in Resources */,
				159FEA4B2A177DFB006C9EE8 /* LaunchScreen.storyboard in Resources */,
				159FEA3F2A177DFA006C9EE8 /* Actions.sks in Resources */,
			);
			runOnlyForDeploymentPostprocessing = 0;
		};
		159FEA4E2A177DFB006C9EE8 /* Resources */ = {
			isa = PBXResourcesBuildPhase;
			buildActionMask = 2147483647;
			files = (
			);
			runOnlyForDeploymentPostprocessing = 0;
		};
		159FEA582A177DFB006C9EE8 /* Resources */ = {
			isa = PBXResourcesBuildPhase;
			buildActionMask = 2147483647;
			files = (
			);
			runOnlyForDeploymentPostprocessing = 0;
		};
/* End PBXResourcesBuildPhase section */

/* Begin PBXSourcesBuildPhase section */
		159FEA332A177DFA006C9EE8 /* Sources */ = {
			isa = PBXSourcesBuildPhase;
			buildActionMask = 2147483647;
			files = (
				159FEA412A177DFA006C9EE8 /* GameScene.swift in Sources */,
				159FEA6F2A177E9B006C9EE8 /* WelcomeViewController.swift in Sources */,
				159FEA712A177EAC006C9EE8 /* WelcomeScene.swift in Sources */,
				159FEA752A1A3538006C9EE8 /* PlayersScene.swift in Sources */,
				159FEA432A177DFA006C9EE8 /* GameViewController.swift in Sources */,
				159FEA3B2A177DFA006C9EE8 /* AppDelegate.swift in Sources */,
			);
			runOnlyForDeploymentPostprocessing = 0;
		};
		159FEA4C2A177DFB006C9EE8 /* Sources */ = {
			isa = PBXSourcesBuildPhase;
			buildActionMask = 2147483647;
			files = (
				159FEA552A177DFB006C9EE8 /* Tepok_NyamokTests.swift in Sources */,
			);
			runOnlyForDeploymentPostprocessing = 0;
		};
		159FEA562A177DFB006C9EE8 /* Sources */ = {
			isa = PBXSourcesBuildPhase;
			buildActionMask = 2147483647;
			files = (
				159FEA5F2A177DFB006C9EE8 /* Tepok_NyamokUITests.swift in Sources */,
				159FEA612A177DFB006C9EE8 /* Tepok_NyamokUITestsLaunchTests.swift in Sources */,
			);
			runOnlyForDeploymentPostprocessing = 0;
		};
/* End PBXSourcesBuildPhase section */

/* Begin PBXTargetDependency section */
		159FEA522A177DFB006C9EE8 /* PBXTargetDependency */ = {
			isa = PBXTargetDependency;
			target = 159FEA362A177DFA006C9EE8 /* Tepok Nyamok */;
			targetProxy = 159FEA512A177DFB006C9EE8 /* PBXContainerItemProxy */;
		};
		159FEA5C2A177DFB006C9EE8 /* PBXTargetDependency */ = {
			isa = PBXTargetDependency;
			target = 159FEA362A177DFA006C9EE8 /* Tepok Nyamok */;
			targetProxy = 159FEA5B2A177DFB006C9EE8 /* PBXContainerItemProxy */;
		};
/* End PBXTargetDependency section */

/* Begin PBXVariantGroup section */
		159FEA442A177DFA006C9EE8 /* Main.storyboard */ = {
			isa = PBXVariantGroup;
			children = (
				159FEA452A177DFA006C9EE8 /* Base */,
			);
			name = Main.storyboard;
			sourceTree = "<group>";
		};
		159FEA492A177DFB006C9EE8 /* LaunchScreen.storyboard */ = {
			isa = PBXVariantGroup;
			children = (
				159FEA4A2A177DFB006C9EE8 /* Base */,
			);
			name = LaunchScreen.storyboard;
			sourceTree = "<group>";
		};
/* End PBXVariantGroup section */

/* Begin XCBuildConfiguration section */
		159FEA622A177DFB006C9EE8 /* Debug */ = {
			isa = XCBuildConfiguration;
			buildSettings = {
				ALWAYS_SEARCH_USER_PATHS = NO;
				CLANG_ANALYZER_NONNULL = YES;
				CLANG_ANALYZER_NUMBER_OBJECT_CONVERSION = YES_AGGRESSIVE;
				CLANG_CXX_LANGUAGE_STANDARD = "gnu++20";
				CLANG_ENABLE_MODULES = YES;
				CLANG_ENABLE_OBJC_ARC = YES;
				CLANG_ENABLE_OBJC_WEAK = YES;
				CLANG_WARN_BLOCK_CAPTURE_AUTORELEASING = YES;
				CLANG_WARN_BOOL_CONVERSION = YES;
				CLANG_WARN_COMMA = YES;
				CLANG_WARN_CONSTANT_CONVERSION = YES;
				CLANG_WARN_DEPRECATED_OBJC_IMPLEMENTATIONS = YES;
				CLANG_WARN_DIRECT_OBJC_ISA_USAGE = YES_ERROR;
				CLANG_WARN_DOCUMENTATION_COMMENTS = YES;
				CLANG_WARN_EMPTY_BODY = YES;
				CLANG_WARN_ENUM_CONVERSION = YES;
				CLANG_WARN_INFINITE_RECURSION = YES;
				CLANG_WARN_INT_CONVERSION = YES;
				CLANG_WARN_NON_LITERAL_NULL_CONVERSION = YES;
				CLANG_WARN_OBJC_IMPLICIT_RETAIN_SELF = YES;
				CLANG_WARN_OBJC_LITERAL_CONVERSION = YES;
				CLANG_WARN_OBJC_ROOT_CLASS = YES_ERROR;
				CLANG_WARN_QUOTED_INCLUDE_IN_FRAMEWORK_HEADER = YES;
				CLANG_WARN_RANGE_LOOP_ANALYSIS = YES;
				CLANG_WARN_STRICT_PROTOTYPES = YES;
				CLANG_WARN_SUSPICIOUS_MOVE = YES;
				CLANG_WARN_UNGUARDED_AVAILABILITY = YES_AGGRESSIVE;
				CLANG_WARN_UNREACHABLE_CODE = YES;
				CLANG_WARN__DUPLICATE_METHOD_MATCH = YES;
				COPY_PHASE_STRIP = NO;
				DEBUG_INFORMATION_FORMAT = dwarf;
				ENABLE_STRICT_OBJC_MSGSEND = YES;
				ENABLE_TESTABILITY = YES;
				GCC_C_LANGUAGE_STANDARD = gnu11;
				GCC_DYNAMIC_NO_PIC = NO;
				GCC_NO_COMMON_BLOCKS = YES;
				GCC_OPTIMIZATION_LEVEL = 0;
				GCC_PREPROCESSOR_DEFINITIONS = (
					"DEBUG=1",
					"$(inherited)",
				);
				GCC_WARN_64_TO_32_BIT_CONVERSION = YES;
				GCC_WARN_ABOUT_RETURN_TYPE = YES_ERROR;
				GCC_WARN_UNDECLARED_SELECTOR = YES;
				GCC_WARN_UNINITIALIZED_AUTOS = YES_AGGRESSIVE;
				GCC_WARN_UNUSED_FUNCTION = YES;
				GCC_WARN_UNUSED_VARIABLE = YES;
				IPHONEOS_DEPLOYMENT_TARGET = 16.4;
				MTL_ENABLE_DEBUG_INFO = INCLUDE_SOURCE;
				MTL_FAST_MATH = YES;
				ONLY_ACTIVE_ARCH = YES;
				SDKROOT = iphoneos;
				SWIFT_ACTIVE_COMPILATION_CONDITIONS = DEBUG;
				SWIFT_OPTIMIZATION_LEVEL = "-Onone";
			};
			name = Debug;
		};
		159FEA632A177DFB006C9EE8 /* Release */ = {
			isa = XCBuildConfiguration;
			buildSettings = {
				ALWAYS_SEARCH_USER_PATHS = NO;
				CLANG_ANALYZER_NONNULL = YES;
				CLANG_ANALYZER_NUMBER_OBJECT_CONVERSION = YES_AGGRESSIVE;
				CLANG_CXX_LANGUAGE_STANDARD = "gnu++20";
				CLANG_ENABLE_MODULES = YES;
				CLANG_ENABLE_OBJC_ARC = YES;
				CLANG_ENABLE_OBJC_WEAK = YES;
				CLANG_WARN_BLOCK_CAPTURE_AUTORELEASING = YES;
				CLANG_WARN_BOOL_CONVERSION = YES;
				CLANG_WARN_COMMA = YES;
				CLANG_WARN_CONSTANT_CONVERSION = YES;
				CLANG_WARN_DEPRECATED_OBJC_IMPLEMENTATIONS = YES;
				CLANG_WARN_DIRECT_OBJC_ISA_USAGE = YES_ERROR;
				CLANG_WARN_DOCUMENTATION_COMMENTS = YES;
				CLANG_WARN_EMPTY_BODY = YES;
				CLANG_WARN_ENUM_CONVERSION = YES;
				CLANG_WARN_INFINITE_RECURSION = YES;
				CLANG_WARN_INT_CONVERSION = YES;
				CLANG_WARN_NON_LITERAL_NULL_CONVERSION = YES;
				CLANG_WARN_OBJC_IMPLICIT_RETAIN_SELF = YES;
				CLANG_WARN_OBJC_LITERAL_CONVERSION = YES;
				CLANG_WARN_OBJC_ROOT_CLASS = YES_ERROR;
				CLANG_WARN_QUOTED_INCLUDE_IN_FRAMEWORK_HEADER = YES;
				CLANG_WARN_RANGE_LOOP_ANALYSIS = YES;
				CLANG_WARN_STRICT_PROTOTYPES = YES;
				CLANG_WARN_SUSPICIOUS_MOVE = YES;
				CLANG_WARN_UNGUARDED_AVAILABILITY = YES_AGGRESSIVE;
				CLANG_WARN_UNREACHABLE_CODE = YES;
				CLANG_WARN__DUPLICATE_METHOD_MATCH = YES;
				COPY_PHASE_STRIP = NO;
				DEBUG_INFORMATION_FORMAT = "dwarf-with-dsym";
				ENABLE_NS_ASSERTIONS = NO;
				ENABLE_STRICT_OBJC_MSGSEND = YES;
				GCC_C_LANGUAGE_STANDARD = gnu11;
				GCC_NO_COMMON_BLOCKS = YES;
				GCC_WARN_64_TO_32_BIT_CONVERSION = YES;
				GCC_WARN_ABOUT_RETURN_TYPE = YES_ERROR;
				GCC_WARN_UNDECLARED_SELECTOR = YES;
				GCC_WARN_UNINITIALIZED_AUTOS = YES_AGGRESSIVE;
				GCC_WARN_UNUSED_FUNCTION = YES;
				GCC_WARN_UNUSED_VARIABLE = YES;
				IPHONEOS_DEPLOYMENT_TARGET = 16.4;
				MTL_ENABLE_DEBUG_INFO = NO;
				MTL_FAST_MATH = YES;
				SDKROOT = iphoneos;
				SWIFT_COMPILATION_MODE = wholemodule;
				SWIFT_OPTIMIZATION_LEVEL = "-O";
				VALIDATE_PRODUCT = YES;
			};
			name = Release;
		};
		159FEA652A177DFB006C9EE8 /* Debug */ = {
			isa = XCBuildConfiguration;
			buildSettings = {
				ASSETCATALOG_COMPILER_APPICON_NAME = AppIcon;
				ASSETCATALOG_COMPILER_GLOBAL_ACCENT_COLOR_NAME = AccentColor;
				CODE_SIGN_STYLE = Automatic;
				CURRENT_PROJECT_VERSION = 1;
				DEVELOPMENT_TEAM = R4FBGZQ29P;
				GENERATE_INFOPLIST_FILE = YES;
				INFOPLIST_KEY_CFBundleDisplayName = "Tepok Nyamok";
				INFOPLIST_KEY_LSApplicationCategoryType = "public.app-category.kids-games";
				INFOPLIST_KEY_UIApplicationSupportsIndirectInputEvents = YES;
				INFOPLIST_KEY_UILaunchStoryboardName = LaunchScreen;
				INFOPLIST_KEY_UIMainStoryboardFile = Main;
				INFOPLIST_KEY_UIStatusBarHidden = YES;
				INFOPLIST_KEY_UISupportedInterfaceOrientations = UIInterfaceOrientationPortrait;
				LD_RUNPATH_SEARCH_PATHS = (
					"$(inherited)",
					"@executable_path/Frameworks",
				);
				MARKETING_VERSION = 1.0;
				PRODUCT_BUNDLE_IDENTIFIER = "Testing.Tepok-Nyamok";
				PRODUCT_NAME = "$(TARGET_NAME)";
				SWIFT_EMIT_LOC_STRINGS = YES;
				SWIFT_VERSION = 5.0;
				TARGETED_DEVICE_FAMILY = "1,2";
			};
			name = Debug;
		};
		159FEA662A177DFB006C9EE8 /* Release */ = {
			isa = XCBuildConfiguration;
			buildSettings = {
				ASSETCATALOG_COMPILER_APPICON_NAME = AppIcon;
				ASSETCATALOG_COMPILER_GLOBAL_ACCENT_COLOR_NAME = AccentColor;
				CODE_SIGN_STYLE = Automatic;
				CURRENT_PROJECT_VERSION = 1;
				DEVELOPMENT_TEAM = R4FBGZQ29P;
				GENERATE_INFOPLIST_FILE = YES;
				INFOPLIST_KEY_CFBundleDisplayName = "Tepok Nyamok";
				INFOPLIST_KEY_LSApplicationCategoryType = "public.app-category.kids-games";
				INFOPLIST_KEY_UIApplicationSupportsIndirectInputEvents = YES;
				INFOPLIST_KEY_UILaunchStoryboardName = LaunchScreen;
				INFOPLIST_KEY_UIMainStoryboardFile = Main;
				INFOPLIST_KEY_UIStatusBarHidden = YES;
				INFOPLIST_KEY_UISupportedInterfaceOrientations = UIInterfaceOrientationPortrait;
				LD_RUNPATH_SEARCH_PATHS = (
					"$(inherited)",
					"@executable_path/Frameworks",
				);
				MARKETING_VERSION = 1.0;
				PRODUCT_BUNDLE_IDENTIFIER = "Testing.Tepok-Nyamok";
				PRODUCT_NAME = "$(TARGET_NAME)";
				SWIFT_EMIT_LOC_STRINGS = YES;
				SWIFT_VERSION = 5.0;
				TARGETED_DEVICE_FAMILY = "1,2";
			};
			name = Release;
		};
		159FEA682A177DFB006C9EE8 /* Debug */ = {
			isa = XCBuildConfiguration;
			buildSettings = {
				ALWAYS_EMBED_SWIFT_STANDARD_LIBRARIES = YES;
				BUNDLE_LOADER = "$(TEST_HOST)";
				CODE_SIGN_STYLE = Automatic;
				CURRENT_PROJECT_VERSION = 1;
				DEVELOPMENT_TEAM = R4FBGZQ29P;
				GENERATE_INFOPLIST_FILE = YES;
				IPHONEOS_DEPLOYMENT_TARGET = 16.4;
				MARKETING_VERSION = 1.0;
				PRODUCT_BUNDLE_IDENTIFIER = "Testing.Tepok-NyamokTests";
				PRODUCT_NAME = "$(TARGET_NAME)";
				SWIFT_EMIT_LOC_STRINGS = NO;
				SWIFT_VERSION = 5.0;
				TARGETED_DEVICE_FAMILY = "1,2";
				TEST_HOST = "$(BUILT_PRODUCTS_DIR)/Tepok Nyamok.app/$(BUNDLE_EXECUTABLE_FOLDER_PATH)/Tepok Nyamok";
			};
			name = Debug;
		};
		159FEA692A177DFB006C9EE8 /* Release */ = {
			isa = XCBuildConfiguration;
			buildSettings = {
				ALWAYS_EMBED_SWIFT_STANDARD_LIBRARIES = YES;
				BUNDLE_LOADER = "$(TEST_HOST)";
				CODE_SIGN_STYLE = Automatic;
				CURRENT_PROJECT_VERSION = 1;
				DEVELOPMENT_TEAM = R4FBGZQ29P;
				GENERATE_INFOPLIST_FILE = YES;
				IPHONEOS_DEPLOYMENT_TARGET = 16.4;
				MARKETING_VERSION = 1.0;
				PRODUCT_BUNDLE_IDENTIFIER = "Testing.Tepok-NyamokTests";
				PRODUCT_NAME = "$(TARGET_NAME)";
				SWIFT_EMIT_LOC_STRINGS = NO;
				SWIFT_VERSION = 5.0;
				TARGETED_DEVICE_FAMILY = "1,2";
				TEST_HOST = "$(BUILT_PRODUCTS_DIR)/Tepok Nyamok.app/$(BUNDLE_EXECUTABLE_FOLDER_PATH)/Tepok Nyamok";
			};
			name = Release;
		};
		159FEA6B2A177DFB006C9EE8 /* Debug */ = {
			isa = XCBuildConfiguration;
			buildSettings = {
				ALWAYS_EMBED_SWIFT_STANDARD_LIBRARIES = YES;
				CODE_SIGN_STYLE = Automatic;
				CURRENT_PROJECT_VERSION = 1;
				DEVELOPMENT_TEAM = R4FBGZQ29P;
				GENERATE_INFOPLIST_FILE = YES;
				MARKETING_VERSION = 1.0;
				PRODUCT_BUNDLE_IDENTIFIER = "Testing.Tepok-NyamokUITests";
				PRODUCT_NAME = "$(TARGET_NAME)";
				SWIFT_EMIT_LOC_STRINGS = NO;
				SWIFT_VERSION = 5.0;
				TARGETED_DEVICE_FAMILY = "1,2";
				TEST_TARGET_NAME = "Tepok Nyamok";
			};
			name = Debug;
		};
		159FEA6C2A177DFB006C9EE8 /* Release */ = {
			isa = XCBuildConfiguration;
			buildSettings = {
				ALWAYS_EMBED_SWIFT_STANDARD_LIBRARIES = YES;
				CODE_SIGN_STYLE = Automatic;
				CURRENT_PROJECT_VERSION = 1;
				DEVELOPMENT_TEAM = R4FBGZQ29P;
				GENERATE_INFOPLIST_FILE = YES;
				MARKETING_VERSION = 1.0;
				PRODUCT_BUNDLE_IDENTIFIER = "Testing.Tepok-NyamokUITests";
				PRODUCT_NAME = "$(TARGET_NAME)";
				SWIFT_EMIT_LOC_STRINGS = NO;
				SWIFT_VERSION = 5.0;
				TARGETED_DEVICE_FAMILY = "1,2";
				TEST_TARGET_NAME = "Tepok Nyamok";
			};
			name = Release;
		};
/* End XCBuildConfiguration section */

/* Begin XCConfigurationList section */
		159FEA322A177DFA006C9EE8 /* Build configuration list for PBXProject "Tepok Nyamok" */ = {
			isa = XCConfigurationList;
			buildConfigurations = (
				159FEA622A177DFB006C9EE8 /* Debug */,
				159FEA632A177DFB006C9EE8 /* Release */,
			);
			defaultConfigurationIsVisible = 0;
			defaultConfigurationName = Release;
		};
		159FEA642A177DFB006C9EE8 /* Build configuration list for PBXNativeTarget "Tepok Nyamok" */ = {
			isa = XCConfigurationList;
			buildConfigurations = (
				159FEA652A177DFB006C9EE8 /* Debug */,
				159FEA662A177DFB006C9EE8 /* Release */,
			);
			defaultConfigurationIsVisible = 0;
			defaultConfigurationName = Release;
		};
		159FEA672A177DFB006C9EE8 /* Build configuration list for PBXNativeTarget "Tepok NyamokTests" */ = {
			isa = XCConfigurationList;
			buildConfigurations = (
				159FEA682A177DFB006C9EE8 /* Debug */,
				159FEA692A177DFB006C9EE8 /* Release */,
			);
			defaultConfigurationIsVisible = 0;
			defaultConfigurationName = Release;
		};
		159FEA6A2A177DFB006C9EE8 /* Build configuration list for PBXNativeTarget "Tepok NyamokUITests" */ = {
			isa = XCConfigurationList;
			buildConfigurations = (
				159FEA6B2A177DFB006C9EE8 /* Debug */,
				159FEA6C2A177DFB006C9EE8 /* Release */,
			);
			defaultConfigurationIsVisible = 0;
			defaultConfigurationName = Release;
		};
/* End XCConfigurationList section */
	};
	rootObject = 159FEA2F2A177DFA006C9EE8 /* Project object */;
}
