// !$*UTF8*$!
{
	archiveVersion = 1;
	classes = {
	};
	objectVersion = 56;
	objects = {

/* Begin PBXBuildFile section */
		159FEA852A1A5380006C9EE8 /* AppDelegate.swift in Sources */ = {isa = PBXBuildFile; fileRef = 159FEA842A1A5380006C9EE8 /* AppDelegate.swift */; };
		159FEA872A1A5380006C9EE8 /* SceneDelegate.swift in Sources */ = {isa = PBXBuildFile; fileRef = 159FEA862A1A5380006C9EE8 /* SceneDelegate.swift */; };
		159FEA892A1A5380006C9EE8 /* WelcomeScreen.swift in Sources */ = {isa = PBXBuildFile; fileRef = 159FEA882A1A5380006C9EE8 /* WelcomeScreen.swift */; };
		159FEA8F2A1A5380006C9EE8 /* Tepok_Nyamok.xcdatamodeld in Sources */ = {isa = PBXBuildFile; fileRef = 159FEA8D2A1A5380006C9EE8 /* Tepok_Nyamok.xcdatamodeld */; };
		159FEA912A1A5381006C9EE8 /* Assets.xcassets in Resources */ = {isa = PBXBuildFile; fileRef = 159FEA902A1A5381006C9EE8 /* Assets.xcassets */; };
		159FEA942A1A5381006C9EE8 /* LaunchScreen.storyboard in Resources */ = {isa = PBXBuildFile; fileRef = 159FEA922A1A5381006C9EE8 /* LaunchScreen.storyboard */; };
		159FEA9F2A1A5382006C9EE8 /* Tepok_NyamokTests.swift in Sources */ = {isa = PBXBuildFile; fileRef = 159FEA9E2A1A5382006C9EE8 /* Tepok_NyamokTests.swift */; };
		159FEAA92A1A5382006C9EE8 /* Tepok_NyamokUITests.swift in Sources */ = {isa = PBXBuildFile; fileRef = 159FEAA82A1A5382006C9EE8 /* Tepok_NyamokUITests.swift */; };
		159FEAAB2A1A5382006C9EE8 /* Tepok_NyamokUITestsLaunchTests.swift in Sources */ = {isa = PBXBuildFile; fileRef = 159FEAAA2A1A5382006C9EE8 /* Tepok_NyamokUITestsLaunchTests.swift */; };
		159FEAB92A1A53AA006C9EE8 /* GameKit.framework in Frameworks */ = {isa = PBXBuildFile; fileRef = 159FEAB82A1A53AA006C9EE8 /* GameKit.framework */; };
		159FEABB2A1A53B1006C9EE8 /* SpriteKit.framework in Frameworks */ = {isa = PBXBuildFile; fileRef = 159FEABA2A1A53B1006C9EE8 /* SpriteKit.framework */; };
		159FEAC02A1A7149006C9EE8 /* PlayersScreen.swift in Sources */ = {isa = PBXBuildFile; fileRef = 159FEABF2A1A7149006C9EE8 /* PlayersScreen.swift */; };
/* End PBXBuildFile section */

/* Begin PBXContainerItemProxy section */
		159FEA9B2A1A5382006C9EE8 /* PBXContainerItemProxy */ = {
			isa = PBXContainerItemProxy;
			containerPortal = 159FEA792A1A5380006C9EE8 /* Project object */;
			proxyType = 1;
			remoteGlobalIDString = 159FEA802A1A5380006C9EE8;
			remoteInfo = "Tepok-Nyamok";
		};
		159FEAA52A1A5382006C9EE8 /* PBXContainerItemProxy */ = {
			isa = PBXContainerItemProxy;
			containerPortal = 159FEA792A1A5380006C9EE8 /* Project object */;
			proxyType = 1;
			remoteGlobalIDString = 159FEA802A1A5380006C9EE8;
			remoteInfo = "Tepok-Nyamok";
		};
/* End PBXContainerItemProxy section */

/* Begin PBXFileReference section */
		159FEA812A1A5380006C9EE8 /* Tepok-Nyamok.app */ = {isa = PBXFileReference; explicitFileType = wrapper.application; includeInIndex = 0; path = "Tepok-Nyamok.app"; sourceTree = BUILT_PRODUCTS_DIR; };
		159FEA842A1A5380006C9EE8 /* AppDelegate.swift */ = {isa = PBXFileReference; lastKnownFileType = sourcecode.swift; path = AppDelegate.swift; sourceTree = "<group>"; };
		159FEA862A1A5380006C9EE8 /* SceneDelegate.swift */ = {isa = PBXFileReference; lastKnownFileType = sourcecode.swift; path = SceneDelegate.swift; sourceTree = "<group>"; };
		159FEA882A1A5380006C9EE8 /* WelcomeScreen.swift */ = {isa = PBXFileReference; lastKnownFileType = sourcecode.swift; path = WelcomeScreen.swift; sourceTree = "<group>"; };
		159FEA8E2A1A5380006C9EE8 /* Tepok_Nyamok.xcdatamodel */ = {isa = PBXFileReference; lastKnownFileType = wrapper.xcdatamodel; path = Tepok_Nyamok.xcdatamodel; sourceTree = "<group>"; };
		159FEA902A1A5381006C9EE8 /* Assets.xcassets */ = {isa = PBXFileReference; lastKnownFileType = folder.assetcatalog; path = Assets.xcassets; sourceTree = "<group>"; };
		159FEA932A1A5381006C9EE8 /* Base */ = {isa = PBXFileReference; lastKnownFileType = file.storyboard; name = Base; path = Base.lproj/LaunchScreen.storyboard; sourceTree = "<group>"; };
		159FEA952A1A5381006C9EE8 /* Info.plist */ = {isa = PBXFileReference; lastKnownFileType = text.plist.xml; path = Info.plist; sourceTree = "<group>"; };
		159FEA9A2A1A5382006C9EE8 /* Tepok-NyamokTests.xctest */ = {isa = PBXFileReference; explicitFileType = wrapper.cfbundle; includeInIndex = 0; path = "Tepok-NyamokTests.xctest"; sourceTree = BUILT_PRODUCTS_DIR; };
		159FEA9E2A1A5382006C9EE8 /* Tepok_NyamokTests.swift */ = {isa = PBXFileReference; lastKnownFileType = sourcecode.swift; path = Tepok_NyamokTests.swift; sourceTree = "<group>"; };
		159FEAA42A1A5382006C9EE8 /* Tepok-NyamokUITests.xctest */ = {isa = PBXFileReference; explicitFileType = wrapper.cfbundle; includeInIndex = 0; path = "Tepok-NyamokUITests.xctest"; sourceTree = BUILT_PRODUCTS_DIR; };
		159FEAA82A1A5382006C9EE8 /* Tepok_NyamokUITests.swift */ = {isa = PBXFileReference; lastKnownFileType = sourcecode.swift; path = Tepok_NyamokUITests.swift; sourceTree = "<group>"; };
		159FEAAA2A1A5382006C9EE8 /* Tepok_NyamokUITestsLaunchTests.swift */ = {isa = PBXFileReference; lastKnownFileType = sourcecode.swift; path = Tepok_NyamokUITestsLaunchTests.swift; sourceTree = "<group>"; };
		159FEAB82A1A53AA006C9EE8 /* GameKit.framework */ = {isa = PBXFileReference; lastKnownFileType = wrapper.framework; name = GameKit.framework; path = System/Library/Frameworks/GameKit.framework; sourceTree = SDKROOT; };
		159FEABA2A1A53B1006C9EE8 /* SpriteKit.framework */ = {isa = PBXFileReference; lastKnownFileType = wrapper.framework; name = SpriteKit.framework; path = System/Library/Frameworks/SpriteKit.framework; sourceTree = SDKROOT; };
		159FEABF2A1A7149006C9EE8 /* PlayersScreen.swift */ = {isa = PBXFileReference; lastKnownFileType = sourcecode.swift; path = PlayersScreen.swift; sourceTree = "<group>"; };
/* End PBXFileReference section */

/* Begin PBXFrameworksBuildPhase section */
		159FEA7E2A1A5380006C9EE8 /* Frameworks */ = {
			isa = PBXFrameworksBuildPhase;
			buildActionMask = 2147483647;
			files = (
				159FEABB2A1A53B1006C9EE8 /* SpriteKit.framework in Frameworks */,
				159FEAB92A1A53AA006C9EE8 /* GameKit.framework in Frameworks */,
			);
			runOnlyForDeploymentPostprocessing = 0;
		};
		159FEA972A1A5382006C9EE8 /* Frameworks */ = {
			isa = PBXFrameworksBuildPhase;
			buildActionMask = 2147483647;
			files = (
			);
			runOnlyForDeploymentPostprocessing = 0;
		};
		159FEAA12A1A5382006C9EE8 /* Frameworks */ = {
			isa = PBXFrameworksBuildPhase;
			buildActionMask = 2147483647;
			files = (
			);
			runOnlyForDeploymentPostprocessing = 0;
		};
/* End PBXFrameworksBuildPhase section */

/* Begin PBXGroup section */
		159FEA782A1A5380006C9EE8 = {
			isa = PBXGroup;
			children = (
				159FEA832A1A5380006C9EE8 /* Tepok-Nyamok */,
				159FEA9D2A1A5382006C9EE8 /* Tepok-NyamokTests */,
				159FEAA72A1A5382006C9EE8 /* Tepok-NyamokUITests */,
				159FEA822A1A5380006C9EE8 /* Products */,
				159FEAB72A1A53AA006C9EE8 /* Frameworks */,
			);
			sourceTree = "<group>";
		};
		159FEA822A1A5380006C9EE8 /* Products */ = {
			isa = PBXGroup;
			children = (
				159FEA812A1A5380006C9EE8 /* Tepok-Nyamok.app */,
				159FEA9A2A1A5382006C9EE8 /* Tepok-NyamokTests.xctest */,
				159FEAA42A1A5382006C9EE8 /* Tepok-NyamokUITests.xctest */,
			);
			name = Products;
			sourceTree = "<group>";
		};
		159FEA832A1A5380006C9EE8 /* Tepok-Nyamok */ = {
			isa = PBXGroup;
			children = (
				159FEABC2A1A64D6006C9EE8 /* Welcome */,
				159FEA842A1A5380006C9EE8 /* AppDelegate.swift */,
				159FEA862A1A5380006C9EE8 /* SceneDelegate.swift */,
				159FEA902A1A5381006C9EE8 /* Assets.xcassets */,
				159FEA922A1A5381006C9EE8 /* LaunchScreen.storyboard */,
				159FEA952A1A5381006C9EE8 /* Info.plist */,
				159FEA8D2A1A5380006C9EE8 /* Tepok_Nyamok.xcdatamodeld */,
			);
			path = "Tepok-Nyamok";
			sourceTree = "<group>";
		};
		159FEA9D2A1A5382006C9EE8 /* Tepok-NyamokTests */ = {
			isa = PBXGroup;
			children = (
				159FEA9E2A1A5382006C9EE8 /* Tepok_NyamokTests.swift */,
			);
			path = "Tepok-NyamokTests";
			sourceTree = "<group>";
		};
		159FEAA72A1A5382006C9EE8 /* Tepok-NyamokUITests */ = {
			isa = PBXGroup;
			children = (
				159FEAA82A1A5382006C9EE8 /* Tepok_NyamokUITests.swift */,
				159FEAAA2A1A5382006C9EE8 /* Tepok_NyamokUITestsLaunchTests.swift */,
			);
			path = "Tepok-NyamokUITests";
			sourceTree = "<group>";
		};
		159FEAB72A1A53AA006C9EE8 /* Frameworks */ = {
			isa = PBXGroup;
			children = (
				159FEABA2A1A53B1006C9EE8 /* SpriteKit.framework */,
				159FEAB82A1A53AA006C9EE8 /* GameKit.framework */,
			);
			name = Frameworks;
			sourceTree = "<group>";
		};
		159FEABC2A1A64D6006C9EE8 /* Welcome */ = {
			isa = PBXGroup;
			children = (
				159FEA882A1A5380006C9EE8 /* WelcomeScreen.swift */,
				159FEABF2A1A7149006C9EE8 /* PlayersScreen.swift */,
			);
			path = Welcome;
			sourceTree = "<group>";
		};
/* End PBXGroup section */

/* Begin PBXNativeTarget section */
		159FEA802A1A5380006C9EE8 /* Tepok-Nyamok */ = {
			isa = PBXNativeTarget;
			buildConfigurationList = 159FEAAE2A1A5382006C9EE8 /* Build configuration list for PBXNativeTarget "Tepok-Nyamok" */;
			buildPhases = (
				159FEA7D2A1A5380006C9EE8 /* Sources */,
				159FEA7E2A1A5380006C9EE8 /* Frameworks */,
				159FEA7F2A1A5380006C9EE8 /* Resources */,
			);
			buildRules = (
			);
			dependencies = (
			);
			name = "Tepok-Nyamok";
			productName = "Tepok-Nyamok";
			productReference = 159FEA812A1A5380006C9EE8 /* Tepok-Nyamok.app */;
			productType = "com.apple.product-type.application";
		};
		159FEA992A1A5382006C9EE8 /* Tepok-NyamokTests */ = {
			isa = PBXNativeTarget;
			buildConfigurationList = 159FEAB12A1A5382006C9EE8 /* Build configuration list for PBXNativeTarget "Tepok-NyamokTests" */;
			buildPhases = (
				159FEA962A1A5382006C9EE8 /* Sources */,
				159FEA972A1A5382006C9EE8 /* Frameworks */,
				159FEA982A1A5382006C9EE8 /* Resources */,
			);
			buildRules = (
			);
			dependencies = (
				159FEA9C2A1A5382006C9EE8 /* PBXTargetDependency */,
			);
			name = "Tepok-NyamokTests";
			productName = "Tepok-NyamokTests";
			productReference = 159FEA9A2A1A5382006C9EE8 /* Tepok-NyamokTests.xctest */;
			productType = "com.apple.product-type.bundle.unit-test";
		};
		159FEAA32A1A5382006C9EE8 /* Tepok-NyamokUITests */ = {
			isa = PBXNativeTarget;
			buildConfigurationList = 159FEAB42A1A5382006C9EE8 /* Build configuration list for PBXNativeTarget "Tepok-NyamokUITests" */;
			buildPhases = (
				159FEAA02A1A5382006C9EE8 /* Sources */,
				159FEAA12A1A5382006C9EE8 /* Frameworks */,
				159FEAA22A1A5382006C9EE8 /* Resources */,
			);
			buildRules = (
			);
			dependencies = (
				159FEAA62A1A5382006C9EE8 /* PBXTargetDependency */,
			);
			name = "Tepok-NyamokUITests";
			productName = "Tepok-NyamokUITests";
			productReference = 159FEAA42A1A5382006C9EE8 /* Tepok-NyamokUITests.xctest */;
			productType = "com.apple.product-type.bundle.ui-testing";
		};
/* End PBXNativeTarget section */

/* Begin PBXProject section */
		159FEA792A1A5380006C9EE8 /* Project object */ = {
			isa = PBXProject;
			attributes = {
				BuildIndependentTargetsInParallel = 1;
				LastSwiftUpdateCheck = 1430;
				LastUpgradeCheck = 1430;
				TargetAttributes = {
					159FEA802A1A5380006C9EE8 = {
						CreatedOnToolsVersion = 14.3;
					};
					159FEA992A1A5382006C9EE8 = {
						CreatedOnToolsVersion = 14.3;
						TestTargetID = 159FEA802A1A5380006C9EE8;
					};
					159FEAA32A1A5382006C9EE8 = {
						CreatedOnToolsVersion = 14.3;
						TestTargetID = 159FEA802A1A5380006C9EE8;
					};
				};
			};
			buildConfigurationList = 159FEA7C2A1A5380006C9EE8 /* Build configuration list for PBXProject "Tepok-Nyamok" */;
			compatibilityVersion = "Xcode 14.0";
			developmentRegion = en;
			hasScannedForEncodings = 0;
			knownRegions = (
				en,
				Base,
			);
			mainGroup = 159FEA782A1A5380006C9EE8;
			productRefGroup = 159FEA822A1A5380006C9EE8 /* Products */;
			projectDirPath = "";
			projectRoot = "";
			targets = (
				159FEA802A1A5380006C9EE8 /* Tepok-Nyamok */,
				159FEA992A1A5382006C9EE8 /* Tepok-NyamokTests */,
				159FEAA32A1A5382006C9EE8 /* Tepok-NyamokUITests */,
			);
		};
/* End PBXProject section */

/* Begin PBXResourcesBuildPhase section */
		159FEA7F2A1A5380006C9EE8 /* Resources */ = {
			isa = PBXResourcesBuildPhase;
			buildActionMask = 2147483647;
			files = (
				159FEA942A1A5381006C9EE8 /* LaunchScreen.storyboard in Resources */,
				159FEA912A1A5381006C9EE8 /* Assets.xcassets in Resources */,
			);
			runOnlyForDeploymentPostprocessing = 0;
		};
		159FEA982A1A5382006C9EE8 /* Resources */ = {
			isa = PBXResourcesBuildPhase;
			buildActionMask = 2147483647;
			files = (
			);
			runOnlyForDeploymentPostprocessing = 0;
		};
		159FEAA22A1A5382006C9EE8 /* Resources */ = {
			isa = PBXResourcesBuildPhase;
			buildActionMask = 2147483647;
			files = (
			);
			runOnlyForDeploymentPostprocessing = 0;
		};
/* End PBXResourcesBuildPhase section */

/* Begin PBXSourcesBuildPhase section */
		159FEA7D2A1A5380006C9EE8 /* Sources */ = {
			isa = PBXSourcesBuildPhase;
			buildActionMask = 2147483647;
			files = (
				159FEA892A1A5380006C9EE8 /* WelcomeScreen.swift in Sources */,
				159FEA852A1A5380006C9EE8 /* AppDelegate.swift in Sources */,
				159FEAC02A1A7149006C9EE8 /* PlayersScreen.swift in Sources */,
				159FEA8F2A1A5380006C9EE8 /* Tepok_Nyamok.xcdatamodeld in Sources */,
				159FEA872A1A5380006C9EE8 /* SceneDelegate.swift in Sources */,
			);
			runOnlyForDeploymentPostprocessing = 0;
		};
		159FEA962A1A5382006C9EE8 /* Sources */ = {
			isa = PBXSourcesBuildPhase;
			buildActionMask = 2147483647;
			files = (
				159FEA9F2A1A5382006C9EE8 /* Tepok_NyamokTests.swift in Sources */,
			);
			runOnlyForDeploymentPostprocessing = 0;
		};
		159FEAA02A1A5382006C9EE8 /* Sources */ = {
			isa = PBXSourcesBuildPhase;
			buildActionMask = 2147483647;
			files = (
				159FEAA92A1A5382006C9EE8 /* Tepok_NyamokUITests.swift in Sources */,
				159FEAAB2A1A5382006C9EE8 /* Tepok_NyamokUITestsLaunchTests.swift in Sources */,
			);
			runOnlyForDeploymentPostprocessing = 0;
		};
/* End PBXSourcesBuildPhase section */

/* Begin PBXTargetDependency section */
		159FEA9C2A1A5382006C9EE8 /* PBXTargetDependency */ = {
			isa = PBXTargetDependency;
			target = 159FEA802A1A5380006C9EE8 /* Tepok-Nyamok */;
			targetProxy = 159FEA9B2A1A5382006C9EE8 /* PBXContainerItemProxy */;
		};
		159FEAA62A1A5382006C9EE8 /* PBXTargetDependency */ = {
			isa = PBXTargetDependency;
			target = 159FEA802A1A5380006C9EE8 /* Tepok-Nyamok */;
			targetProxy = 159FEAA52A1A5382006C9EE8 /* PBXContainerItemProxy */;
		};
/* End PBXTargetDependency section */

/* Begin PBXVariantGroup section */
		159FEA922A1A5381006C9EE8 /* LaunchScreen.storyboard */ = {
			isa = PBXVariantGroup;
			children = (
				159FEA932A1A5381006C9EE8 /* Base */,
			);
			name = LaunchScreen.storyboard;
			sourceTree = "<group>";
		};
/* End PBXVariantGroup section */

/* Begin XCBuildConfiguration section */
		159FEAAC2A1A5382006C9EE8 /* Debug */ = {
			isa = XCBuildConfiguration;
			buildSettings = {
				ALWAYS_SEARCH_USER_PATHS = NO;
				CLANG_ANALYZER_NONNULL = YES;
				CLANG_ANALYZER_NUMBER_OBJECT_CONVERSION = YES_AGGRESSIVE;
				CLANG_CXX_LANGUAGE_STANDARD = "gnu++20";
				CLANG_ENABLE_MODULES = YES;
				CLANG_ENABLE_OBJC_ARC = YES;
				CLANG_ENABLE_OBJC_WEAK = YES;
				CLANG_WARN_BLOCK_CAPTURE_AUTORELEASING = YES;
				CLANG_WARN_BOOL_CONVERSION = YES;
				CLANG_WARN_COMMA = YES;
				CLANG_WARN_CONSTANT_CONVERSION = YES;
				CLANG_WARN_DEPRECATED_OBJC_IMPLEMENTATIONS = YES;
				CLANG_WARN_DIRECT_OBJC_ISA_USAGE = YES_ERROR;
				CLANG_WARN_DOCUMENTATION_COMMENTS = YES;
				CLANG_WARN_EMPTY_BODY = YES;
				CLANG_WARN_ENUM_CONVERSION = YES;
				CLANG_WARN_INFINITE_RECURSION = YES;
				CLANG_WARN_INT_CONVERSION = YES;
				CLANG_WARN_NON_LITERAL_NULL_CONVERSION = YES;
				CLANG_WARN_OBJC_IMPLICIT_RETAIN_SELF = YES;
				CLANG_WARN_OBJC_LITERAL_CONVERSION = YES;
				CLANG_WARN_OBJC_ROOT_CLASS = YES_ERROR;
				CLANG_WARN_QUOTED_INCLUDE_IN_FRAMEWORK_HEADER = YES;
				CLANG_WARN_RANGE_LOOP_ANALYSIS = YES;
				CLANG_WARN_STRICT_PROTOTYPES = YES;
				CLANG_WARN_SUSPICIOUS_MOVE = YES;
				CLANG_WARN_UNGUARDED_AVAILABILITY = YES_AGGRESSIVE;
				CLANG_WARN_UNREACHABLE_CODE = YES;
				CLANG_WARN__DUPLICATE_METHOD_MATCH = YES;
				COPY_PHASE_STRIP = NO;
				DEBUG_INFORMATION_FORMAT = dwarf;
				ENABLE_STRICT_OBJC_MSGSEND = YES;
				ENABLE_TESTABILITY = YES;
				GCC_C_LANGUAGE_STANDARD = gnu11;
				GCC_DYNAMIC_NO_PIC = NO;
				GCC_NO_COMMON_BLOCKS = YES;
				GCC_OPTIMIZATION_LEVEL = 0;
				GCC_PREPROCESSOR_DEFINITIONS = (
					"DEBUG=1",
					"$(inherited)",
				);
				GCC_WARN_64_TO_32_BIT_CONVERSION = YES;
				GCC_WARN_ABOUT_RETURN_TYPE = YES_ERROR;
				GCC_WARN_UNDECLARED_SELECTOR = YES;
				GCC_WARN_UNINITIALIZED_AUTOS = YES_AGGRESSIVE;
				GCC_WARN_UNUSED_FUNCTION = YES;
				GCC_WARN_UNUSED_VARIABLE = YES;
				IPHONEOS_DEPLOYMENT_TARGET = 16.4;
				MTL_ENABLE_DEBUG_INFO = INCLUDE_SOURCE;
				MTL_FAST_MATH = YES;
				ONLY_ACTIVE_ARCH = YES;
				SDKROOT = iphoneos;
				SWIFT_ACTIVE_COMPILATION_CONDITIONS = DEBUG;
				SWIFT_OPTIMIZATION_LEVEL = "-Onone";
			};
			name = Debug;
		};
		159FEAAD2A1A5382006C9EE8 /* Release */ = {
			isa = XCBuildConfiguration;
			buildSettings = {
				ALWAYS_SEARCH_USER_PATHS = NO;
				CLANG_ANALYZER_NONNULL = YES;
				CLANG_ANALYZER_NUMBER_OBJECT_CONVERSION = YES_AGGRESSIVE;
				CLANG_CXX_LANGUAGE_STANDARD = "gnu++20";
				CLANG_ENABLE_MODULES = YES;
				CLANG_ENABLE_OBJC_ARC = YES;
				CLANG_ENABLE_OBJC_WEAK = YES;
				CLANG_WARN_BLOCK_CAPTURE_AUTORELEASING = YES;
				CLANG_WARN_BOOL_CONVERSION = YES;
				CLANG_WARN_COMMA = YES;
				CLANG_WARN_CONSTANT_CONVERSION = YES;
				CLANG_WARN_DEPRECATED_OBJC_IMPLEMENTATIONS = YES;
				CLANG_WARN_DIRECT_OBJC_ISA_USAGE = YES_ERROR;
				CLANG_WARN_DOCUMENTATION_COMMENTS = YES;
				CLANG_WARN_EMPTY_BODY = YES;
				CLANG_WARN_ENUM_CONVERSION = YES;
				CLANG_WARN_INFINITE_RECURSION = YES;
				CLANG_WARN_INT_CONVERSION = YES;
				CLANG_WARN_NON_LITERAL_NULL_CONVERSION = YES;
				CLANG_WARN_OBJC_IMPLICIT_RETAIN_SELF = YES;
				CLANG_WARN_OBJC_LITERAL_CONVERSION = YES;
				CLANG_WARN_OBJC_ROOT_CLASS = YES_ERROR;
				CLANG_WARN_QUOTED_INCLUDE_IN_FRAMEWORK_HEADER = YES;
				CLANG_WARN_RANGE_LOOP_ANALYSIS = YES;
				CLANG_WARN_STRICT_PROTOTYPES = YES;
				CLANG_WARN_SUSPICIOUS_MOVE = YES;
				CLANG_WARN_UNGUARDED_AVAILABILITY = YES_AGGRESSIVE;
				CLANG_WARN_UNREACHABLE_CODE = YES;
				CLANG_WARN__DUPLICATE_METHOD_MATCH = YES;
				COPY_PHASE_STRIP = NO;
				DEBUG_INFORMATION_FORMAT = "dwarf-with-dsym";
				ENABLE_NS_ASSERTIONS = NO;
				ENABLE_STRICT_OBJC_MSGSEND = YES;
				GCC_C_LANGUAGE_STANDARD = gnu11;
				GCC_NO_COMMON_BLOCKS = YES;
				GCC_WARN_64_TO_32_BIT_CONVERSION = YES;
				GCC_WARN_ABOUT_RETURN_TYPE = YES_ERROR;
				GCC_WARN_UNDECLARED_SELECTOR = YES;
				GCC_WARN_UNINITIALIZED_AUTOS = YES_AGGRESSIVE;
				GCC_WARN_UNUSED_FUNCTION = YES;
				GCC_WARN_UNUSED_VARIABLE = YES;
				IPHONEOS_DEPLOYMENT_TARGET = 16.4;
				MTL_ENABLE_DEBUG_INFO = NO;
				MTL_FAST_MATH = YES;
				SDKROOT = iphoneos;
				SWIFT_COMPILATION_MODE = wholemodule;
				SWIFT_OPTIMIZATION_LEVEL = "-O";
				VALIDATE_PRODUCT = YES;
			};
			name = Release;
		};
		159FEAAF2A1A5382006C9EE8 /* Debug */ = {
			isa = XCBuildConfiguration;
			buildSettings = {
				ASSETCATALOG_COMPILER_APPICON_NAME = AppIcon;
				ASSETCATALOG_COMPILER_GLOBAL_ACCENT_COLOR_NAME = AccentColor;
				CODE_SIGN_STYLE = Automatic;
				CURRENT_PROJECT_VERSION = 1;
				DEVELOPMENT_TEAM = R4FBGZQ29P;
				GENERATE_INFOPLIST_FILE = YES;
				INFOPLIST_FILE = "Tepok-Nyamok/Info.plist";
				INFOPLIST_KEY_UIApplicationSupportsIndirectInputEvents = YES;
				INFOPLIST_KEY_UILaunchStoryboardName = LaunchScreen;
				INFOPLIST_KEY_UIStatusBarStyle = "";
				INFOPLIST_KEY_UISupportedInterfaceOrientations = UIInterfaceOrientationPortrait;
				LD_RUNPATH_SEARCH_PATHS = (
					"$(inherited)",
					"@executable_path/Frameworks",
				);
				MARKETING_VERSION = 1.0;
				PRODUCT_BUNDLE_IDENTIFIER = "Testing.Tepok-Nyamok";
				PRODUCT_NAME = "$(TARGET_NAME)";
				SWIFT_EMIT_LOC_STRINGS = YES;
				SWIFT_VERSION = 5.0;
				TARGETED_DEVICE_FAMILY = "1,2";
			};
			name = Debug;
		};
		159FEAB02A1A5382006C9EE8 /* Release */ = {
			isa = XCBuildConfiguration;
			buildSettings = {
				ASSETCATALOG_COMPILER_APPICON_NAME = AppIcon;
				ASSETCATALOG_COMPILER_GLOBAL_ACCENT_COLOR_NAME = AccentColor;
				CODE_SIGN_STYLE = Automatic;
				CURRENT_PROJECT_VERSION = 1;
				DEVELOPMENT_TEAM = R4FBGZQ29P;
				GENERATE_INFOPLIST_FILE = YES;
				INFOPLIST_FILE = "Tepok-Nyamok/Info.plist";
				INFOPLIST_KEY_UIApplicationSupportsIndirectInputEvents = YES;
				INFOPLIST_KEY_UILaunchStoryboardName = LaunchScreen;
				INFOPLIST_KEY_UIStatusBarStyle = "";
				INFOPLIST_KEY_UISupportedInterfaceOrientations = UIInterfaceOrientationPortrait;
				LD_RUNPATH_SEARCH_PATHS = (
					"$(inherited)",
					"@executable_path/Frameworks",
				);
				MARKETING_VERSION = 1.0;
				PRODUCT_BUNDLE_IDENTIFIER = "Testing.Tepok-Nyamok";
				PRODUCT_NAME = "$(TARGET_NAME)";
				SWIFT_EMIT_LOC_STRINGS = YES;
				SWIFT_VERSION = 5.0;
				TARGETED_DEVICE_FAMILY = "1,2";
			};
			name = Release;
		};
		159FEAB22A1A5382006C9EE8 /* Debug */ = {
			isa = XCBuildConfiguration;
			buildSettings = {
				ALWAYS_EMBED_SWIFT_STANDARD_LIBRARIES = YES;
				BUNDLE_LOADER = "$(TEST_HOST)";
				CODE_SIGN_STYLE = Automatic;
				CURRENT_PROJECT_VERSION = 1;
				DEVELOPMENT_TEAM = R4FBGZQ29P;
				GENERATE_INFOPLIST_FILE = YES;
				IPHONEOS_DEPLOYMENT_TARGET = 16.4;
				MARKETING_VERSION = 1.0;
				PRODUCT_BUNDLE_IDENTIFIER = "Testing.Tepok-NyamokTests";
				PRODUCT_NAME = "$(TARGET_NAME)";
				SWIFT_EMIT_LOC_STRINGS = NO;
				SWIFT_VERSION = 5.0;
				TARGETED_DEVICE_FAMILY = "1,2";
				TEST_HOST = "$(BUILT_PRODUCTS_DIR)/Tepok-Nyamok.app/$(BUNDLE_EXECUTABLE_FOLDER_PATH)/Tepok-Nyamok";
			};
			name = Debug;
		};
		159FEAB32A1A5382006C9EE8 /* Release */ = {
			isa = XCBuildConfiguration;
			buildSettings = {
				ALWAYS_EMBED_SWIFT_STANDARD_LIBRARIES = YES;
				BUNDLE_LOADER = "$(TEST_HOST)";
				CODE_SIGN_STYLE = Automatic;
				CURRENT_PROJECT_VERSION = 1;
				DEVELOPMENT_TEAM = R4FBGZQ29P;
				GENERATE_INFOPLIST_FILE = YES;
				IPHONEOS_DEPLOYMENT_TARGET = 16.4;
				MARKETING_VERSION = 1.0;
				PRODUCT_BUNDLE_IDENTIFIER = "Testing.Tepok-NyamokTests";
				PRODUCT_NAME = "$(TARGET_NAME)";
				SWIFT_EMIT_LOC_STRINGS = NO;
				SWIFT_VERSION = 5.0;
				TARGETED_DEVICE_FAMILY = "1,2";
				TEST_HOST = "$(BUILT_PRODUCTS_DIR)/Tepok-Nyamok.app/$(BUNDLE_EXECUTABLE_FOLDER_PATH)/Tepok-Nyamok";
			};
			name = Release;
		};
		159FEAB52A1A5382006C9EE8 /* Debug */ = {
			isa = XCBuildConfiguration;
			buildSettings = {
				ALWAYS_EMBED_SWIFT_STANDARD_LIBRARIES = YES;
				CODE_SIGN_STYLE = Automatic;
				CURRENT_PROJECT_VERSION = 1;
				DEVELOPMENT_TEAM = R4FBGZQ29P;
				GENERATE_INFOPLIST_FILE = YES;
				MARKETING_VERSION = 1.0;
				PRODUCT_BUNDLE_IDENTIFIER = "Testing.Tepok-NyamokUITests";
				PRODUCT_NAME = "$(TARGET_NAME)";
				SWIFT_EMIT_LOC_STRINGS = NO;
				SWIFT_VERSION = 5.0;
				TARGETED_DEVICE_FAMILY = "1,2";
				TEST_TARGET_NAME = "Tepok-Nyamok";
			};
			name = Debug;
		};
		159FEAB62A1A5382006C9EE8 /* Release */ = {
			isa = XCBuildConfiguration;
			buildSettings = {
				ALWAYS_EMBED_SWIFT_STANDARD_LIBRARIES = YES;
				CODE_SIGN_STYLE = Automatic;
				CURRENT_PROJECT_VERSION = 1;
				DEVELOPMENT_TEAM = R4FBGZQ29P;
				GENERATE_INFOPLIST_FILE = YES;
				MARKETING_VERSION = 1.0;
				PRODUCT_BUNDLE_IDENTIFIER = "Testing.Tepok-NyamokUITests";
				PRODUCT_NAME = "$(TARGET_NAME)";
				SWIFT_EMIT_LOC_STRINGS = NO;
				SWIFT_VERSION = 5.0;
				TARGETED_DEVICE_FAMILY = "1,2";
				TEST_TARGET_NAME = "Tepok-Nyamok";
			};
			name = Release;
		};
/* End XCBuildConfiguration section */

/* Begin XCConfigurationList section */
		159FEA7C2A1A5380006C9EE8 /* Build configuration list for PBXProject "Tepok-Nyamok" */ = {
			isa = XCConfigurationList;
			buildConfigurations = (
				159FEAAC2A1A5382006C9EE8 /* Debug */,
				159FEAAD2A1A5382006C9EE8 /* Release */,
			);
			defaultConfigurationIsVisible = 0;
			defaultConfigurationName = Release;
		};
		159FEAAE2A1A5382006C9EE8 /* Build configuration list for PBXNativeTarget "Tepok-Nyamok" */ = {
			isa = XCConfigurationList;
			buildConfigurations = (
				159FEAAF2A1A5382006C9EE8 /* Debug */,
				159FEAB02A1A5382006C9EE8 /* Release */,
			);
			defaultConfigurationIsVisible = 0;
			defaultConfigurationName = Release;
		};
		159FEAB12A1A5382006C9EE8 /* Build configuration list for PBXNativeTarget "Tepok-NyamokTests" */ = {
			isa = XCConfigurationList;
			buildConfigurations = (
				159FEAB22A1A5382006C9EE8 /* Debug */,
				159FEAB32A1A5382006C9EE8 /* Release */,
			);
			defaultConfigurationIsVisible = 0;
			defaultConfigurationName = Release;
		};
		159FEAB42A1A5382006C9EE8 /* Build configuration list for PBXNativeTarget "Tepok-NyamokUITests" */ = {
			isa = XCConfigurationList;
			buildConfigurations = (
				159FEAB52A1A5382006C9EE8 /* Debug */,
				159FEAB62A1A5382006C9EE8 /* Release */,
			);
			defaultConfigurationIsVisible = 0;
			defaultConfigurationName = Release;
		};
/* End XCConfigurationList section */

/* Begin XCVersionGroup section */
		159FEA8D2A1A5380006C9EE8 /* Tepok_Nyamok.xcdatamodeld */ = {
			isa = XCVersionGroup;
			children = (
				159FEA8E2A1A5380006C9EE8 /* Tepok_Nyamok.xcdatamodel */,
			);
			currentVersion = 159FEA8E2A1A5380006C9EE8 /* Tepok_Nyamok.xcdatamodel */;
			path = Tepok_Nyamok.xcdatamodeld;
			sourceTree = "<group>";
			versionGroupType = wrapper.xcdatamodel;
		};
/* End XCVersionGroup section */
	};
	rootObject = 159FEA792A1A5380006C9EE8 /* Project object */;
}
